
Microsoft Visual Studio Solution File, Format Version 12.00
# Visual Studio Version 17
VisualStudioVersion = 17.5.33414.496
MinimumVisualStudioVersion = 10.0.40219.1
Project("{FAE04EC0-301F-11D3-BF4B-00C04F79EFBC}") = "PathlockAutomationPipeline", "PathlockAutomationPipeline\PathlockAutomationPipeline.csproj", "{1EEEA068-6F38-4960-97F6-0327656F7B02}"
EndProject
Project("{FAE04EC0-301F-11D3-BF4B-00C04F79EFBC}") = "PluginBase", "PluginBase\PluginBase.csproj", "{48D0D4A8-0A7B-4F6B-A217-38979D6DFD28}"
EndProject
Project("{FAE04EC0-301F-11D3-BF4B-00C04F79EFBC}") = "CommandPlugins", "CommandPlugins\CommandPlugins.csproj", "{1C344662-D55C-4B67-96CF-F8ECBF971363}"
EndProject
Global
	GlobalSection(SolutionConfigurationPlatforms) = preSolution
		Debug|Any CPU = Debug|Any CPU
		Release|Any CPU = Release|Any CPU
	EndGlobalSection
	GlobalSection(ProjectConfigurationPlatforms) = postSolution
		{1EEEA068-6F38-4960-97F6-0327656F7B02}.Debug|Any CPU.ActiveCfg = Debug|Any CPU
		{1EEEA068-6F38-4960-97F6-0327656F7B02}.Debug|Any CPU.Build.0 = Debug|Any CPU
		{1EEEA068-6F38-4960-97F6-0327656F7B02}.Release|Any CPU.ActiveCfg = Release|Any CPU
		{1EEEA068-6F38-4960-97F6-0327656F7B02}.Release|Any CPU.Build.0 = Release|Any CPU
		{48D0D4A8-0A7B-4F6B-A217-38979D6DFD28}.Debug|Any CPU.ActiveCfg = Debug|Any CPU
		{48D0D4A8-0A7B-4F6B-A217-38979D6DFD28}.Debug|Any CPU.Build.0 = Debug|Any CPU
		{48D0D4A8-0A7B-4F6B-A217-38979D6DFD28}.Release|Any CPU.ActiveCfg = Release|Any CPU
		{48D0D4A8-0A7B-4F6B-A217-38979D6DFD28}.Release|Any CPU.Build.0 = Release|Any CPU
		{1C344662-D55C-4B67-96CF-F8ECBF971363}.Debug|Any CPU.ActiveCfg = Debug|Any CPU
		{1C344662-D55C-4B67-96CF-F8ECBF971363}.Debug|Any CPU.Build.0 = Debug|Any CPU
		{1C344662-D55C-4B67-96CF-F8ECBF971363}.Release|Any CPU.ActiveCfg = Release|Any CPU
		{1C344662-D55C-4B67-96CF-F8ECBF971363}.Release|Any CPU.Build.0 = Release|Any CPU
	EndGlobalSection
	GlobalSection(SolutionProperties) = preSolution
		HideSolutionNode = FALSE
	EndGlobalSection
	GlobalSection(ExtensibilityGlobals) = postSolution
		SolutionGuid = {21EDDE08-BD2F-470B-918E-E073BF16F06F}
	EndGlobalSection
EndGlobal
